
Microsoft Visual Studio Solution File, Format Version 12.00
# Visual Studio Version 17
VisualStudioVersion = 17.0.31903.59
MinimumVisualStudioVersion = 10.0.40219.1
Project("{2150E333-8FDC-42A3-9474-1A3956D46DE8}") = ".", ".", "{608D8624-6F2E-497A-BBB6-CE854A900BBE}"
EndProject
Project("{2150E333-8FDC-42A3-9474-1A3956D46DE8}") = "src", "src", "{12C35623-8662-4128-855D-2AE10F0062B3}"
EndProject
Project("{2150E333-8FDC-42A3-9474-1A3956D46DE8}") = "Api", "Api", "{53A040F1-D752-42BA-937F-107652235537}"
EndProject
Project("{FAE04EC0-301F-11D3-BF4B-00C04F79EFBC}") = "Core", "src\Core\Core.csproj", "{403189CE-9CCF-4589-B5C9-4D37C2118B60}"
EndProject
Project("{FAE04EC0-301F-11D3-BF4B-00C04F79EFBC}") = "Data", "src\Data\Data.csproj", "{846B57AD-489B-427B-A558-0FF42113F311}"
EndProject
Project("{FAE04EC0-301F-11D3-BF4B-00C04F79EFBC}") = "Infrastructure", "src\Infrastructure\Infrastructure.csproj", "{DE8FAA85-6C73-49C0-B0B2-425ED9BEC487}"
EndProject
Project("{FAE04EC0-301F-11D3-BF4B-00C04F79EFBC}") = "Unit", "test\Unit\Unit.csproj", "{42FD27F6-8BCC-4EF8-B7C0-2053011D7E1F}"
EndProject
Project("{FAE04EC0-301F-11D3-BF4B-00C04F79EFBC}") = "E2e", "test\E2e\E2e.csproj", "{8519819A-1C6F-45AC-AD2B-6045667C2D5C}"
EndProject
Project("{FAE04EC0-301F-11D3-BF4B-00C04F79EFBC}") = "Domain", "test\Domain\Domain.csproj", "{D5CC6DBD-21DA-49B9-984D-2F91BCB1A7B5}"
EndProject
Project("{2150E333-8FDC-42A3-9474-1A3956D46DE8}") = "src", "src", "{C4B5930C-CC91-4C20-87D5-9E05F972C333}"
EndProject
Project("{FAE04EC0-301F-11D3-BF4B-00C04F79EFBC}") = "Api", "src\Api\Api.csproj", "{76DAD3FC-9B11-43F1-9CE0-3A9EDEF3A87F}"
EndProject
Global
	GlobalSection(SolutionConfigurationPlatforms) = preSolution
		Debug|Any CPU = Debug|Any CPU
		Release|Any CPU = Release|Any CPU
	EndGlobalSection
	GlobalSection(SolutionProperties) = preSolution
		HideSolutionNode = FALSE
	EndGlobalSection
	GlobalSection(ProjectConfigurationPlatforms) = postSolution
		{403189CE-9CCF-4589-B5C9-4D37C2118B60}.Debug|Any CPU.ActiveCfg = Debug|Any CPU
		{403189CE-9CCF-4589-B5C9-4D37C2118B60}.Debug|Any CPU.Build.0 = Debug|Any CPU
		{403189CE-9CCF-4589-B5C9-4D37C2118B60}.Release|Any CPU.ActiveCfg = Release|Any CPU
		{403189CE-9CCF-4589-B5C9-4D37C2118B60}.Release|Any CPU.Build.0 = Release|Any CPU
		{846B57AD-489B-427B-A558-0FF42113F311}.Debug|Any CPU.ActiveCfg = Debug|Any CPU
		{846B57AD-489B-427B-A558-0FF42113F311}.Debug|Any CPU.Build.0 = Debug|Any CPU
		{846B57AD-489B-427B-A558-0FF42113F311}.Release|Any CPU.ActiveCfg = Release|Any CPU
		{846B57AD-489B-427B-A558-0FF42113F311}.Release|Any CPU.Build.0 = Release|Any CPU
		{DE8FAA85-6C73-49C0-B0B2-425ED9BEC487}.Debug|Any CPU.ActiveCfg = Debug|Any CPU
		{DE8FAA85-6C73-49C0-B0B2-425ED9BEC487}.Debug|Any CPU.Build.0 = Debug|Any CPU
		{DE8FAA85-6C73-49C0-B0B2-425ED9BEC487}.Release|Any CPU.ActiveCfg = Release|Any CPU
		{DE8FAA85-6C73-49C0-B0B2-425ED9BEC487}.Release|Any CPU.Build.0 = Release|Any CPU
		{42FD27F6-8BCC-4EF8-B7C0-2053011D7E1F}.Debug|Any CPU.ActiveCfg = Debug|Any CPU
		{42FD27F6-8BCC-4EF8-B7C0-2053011D7E1F}.Debug|Any CPU.Build.0 = Debug|Any CPU
		{42FD27F6-8BCC-4EF8-B7C0-2053011D7E1F}.Release|Any CPU.ActiveCfg = Release|Any CPU
		{42FD27F6-8BCC-4EF8-B7C0-2053011D7E1F}.Release|Any CPU.Build.0 = Release|Any CPU
		{8519819A-1C6F-45AC-AD2B-6045667C2D5C}.Debug|Any CPU.ActiveCfg = Debug|Any CPU
		{8519819A-1C6F-45AC-AD2B-6045667C2D5C}.Debug|Any CPU.Build.0 = Debug|Any CPU
		{8519819A-1C6F-45AC-AD2B-6045667C2D5C}.Release|Any CPU.ActiveCfg = Release|Any CPU
		{8519819A-1C6F-45AC-AD2B-6045667C2D5C}.Release|Any CPU.Build.0 = Release|Any CPU
		{D5CC6DBD-21DA-49B9-984D-2F91BCB1A7B5}.Debug|Any CPU.ActiveCfg = Debug|Any CPU
		{D5CC6DBD-21DA-49B9-984D-2F91BCB1A7B5}.Debug|Any CPU.Build.0 = Debug|Any CPU
		{D5CC6DBD-21DA-49B9-984D-2F91BCB1A7B5}.Release|Any CPU.ActiveCfg = Release|Any CPU
		{D5CC6DBD-21DA-49B9-984D-2F91BCB1A7B5}.Release|Any CPU.Build.0 = Release|Any CPU
		{76DAD3FC-9B11-43F1-9CE0-3A9EDEF3A87F}.Debug|Any CPU.ActiveCfg = Debug|Any CPU
		{76DAD3FC-9B11-43F1-9CE0-3A9EDEF3A87F}.Debug|Any CPU.Build.0 = Debug|Any CPU
		{76DAD3FC-9B11-43F1-9CE0-3A9EDEF3A87F}.Release|Any CPU.ActiveCfg = Release|Any CPU
		{76DAD3FC-9B11-43F1-9CE0-3A9EDEF3A87F}.Release|Any CPU.Build.0 = Release|Any CPU
	EndGlobalSection
	GlobalSection(NestedProjects) = preSolution
		{12C35623-8662-4128-855D-2AE10F0062B3} = {608D8624-6F2E-497A-BBB6-CE854A900BBE}
		{53A040F1-D752-42BA-937F-107652235537} = {12C35623-8662-4128-855D-2AE10F0062B3}
		{403189CE-9CCF-4589-B5C9-4D37C2118B60} = {53A040F1-D752-42BA-937F-107652235537}
		{846B57AD-489B-427B-A558-0FF42113F311} = {53A040F1-D752-42BA-937F-107652235537}
		{DE8FAA85-6C73-49C0-B0B2-425ED9BEC487} = {53A040F1-D752-42BA-937F-107652235537}
		{42FD27F6-8BCC-4EF8-B7C0-2053011D7E1F} = {53A040F1-D752-42BA-937F-107652235537}
		{8519819A-1C6F-45AC-AD2B-6045667C2D5C} = {53A040F1-D752-42BA-937F-107652235537}
		{D5CC6DBD-21DA-49B9-984D-2F91BCB1A7B5} = {53A040F1-D752-42BA-937F-107652235537}
		{76DAD3FC-9B11-43F1-9CE0-3A9EDEF3A87F} = {C4B5930C-CC91-4C20-87D5-9E05F972C333}
	EndGlobalSection
EndGlobal
