
Microsoft Visual Studio Solution File, Format Version 12.00
# Visual Studio Version 17
VisualStudioVersion = 17.0.31903.59
MinimumVisualStudioVersion = 10.0.40219.1
Project("{2150E333-8FDC-42A3-9474-1A3956D46DE8}") = ".", ".", "{EC28548F-4E5B-4BAE-96C0-93C48E467786}"
EndProject
Project("{2150E333-8FDC-42A3-9474-1A3956D46DE8}") = "src", "src", "{4334C6C5-28A4-4641-88C5-B41FD1073132}"
EndProject
Project("{2150E333-8FDC-42A3-9474-1A3956D46DE8}") = "Api", "Api", "{27C48206-6A3D-47FB-AA72-FF1087079941}"
EndProject
Project("{FAE04EC0-301F-11D3-BF4B-00C04F79EFBC}") = "Core", "src\Core\Core.csproj", "{74A3CDE2-8126-43C6-8F10-B88099FA40D5}"
EndProject
Project("{FAE04EC0-301F-11D3-BF4B-00C04F79EFBC}") = "Data", "src\Data\Data.csproj", "{FBBEDD5D-B226-40A1-8DE7-E5552FA73997}"
EndProject
Project("{FAE04EC0-301F-11D3-BF4B-00C04F79EFBC}") = "Infrastructure", "src\Infrastructure\Infrastructure.csproj", "{EE251724-7B35-49AA-9386-F028064DEC6D}"
EndProject
Project("{FAE04EC0-301F-11D3-BF4B-00C04F79EFBC}") = "Unit", "test\Unit\Unit.csproj", "{C69F3190-07F0-48C6-A4D3-8EFF52B6EDB0}"
EndProject
Project("{FAE04EC0-301F-11D3-BF4B-00C04F79EFBC}") = "Integration", "test\Integration\Integration.csproj", "{FADCD9E3-16A7-4CB9-B97E-89FEC917EA8F}"
EndProject
Global
	GlobalSection(SolutionConfigurationPlatforms) = preSolution
		Debug|Any CPU = Debug|Any CPU
		Release|Any CPU = Release|Any CPU
	EndGlobalSection
	GlobalSection(SolutionProperties) = preSolution
		HideSolutionNode = FALSE
	EndGlobalSection
	GlobalSection(ProjectConfigurationPlatforms) = postSolution
		{74A3CDE2-8126-43C6-8F10-B88099FA40D5}.Debug|Any CPU.ActiveCfg = Debug|Any CPU
		{74A3CDE2-8126-43C6-8F10-B88099FA40D5}.Debug|Any CPU.Build.0 = Debug|Any CPU
		{74A3CDE2-8126-43C6-8F10-B88099FA40D5}.Release|Any CPU.ActiveCfg = Release|Any CPU
		{74A3CDE2-8126-43C6-8F10-B88099FA40D5}.Release|Any CPU.Build.0 = Release|Any CPU
		{FBBEDD5D-B226-40A1-8DE7-E5552FA73997}.Debug|Any CPU.ActiveCfg = Debug|Any CPU
		{FBBEDD5D-B226-40A1-8DE7-E5552FA73997}.Debug|Any CPU.Build.0 = Debug|Any CPU
		{FBBEDD5D-B226-40A1-8DE7-E5552FA73997}.Release|Any CPU.ActiveCfg = Release|Any CPU
		{FBBEDD5D-B226-40A1-8DE7-E5552FA73997}.Release|Any CPU.Build.0 = Release|Any CPU
		{EE251724-7B35-49AA-9386-F028064DEC6D}.Debug|Any CPU.ActiveCfg = Debug|Any CPU
		{EE251724-7B35-49AA-9386-F028064DEC6D}.Debug|Any CPU.Build.0 = Debug|Any CPU
		{EE251724-7B35-49AA-9386-F028064DEC6D}.Release|Any CPU.ActiveCfg = Release|Any CPU
		{EE251724-7B35-49AA-9386-F028064DEC6D}.Release|Any CPU.Build.0 = Release|Any CPU
		{C69F3190-07F0-48C6-A4D3-8EFF52B6EDB0}.Debug|Any CPU.ActiveCfg = Debug|Any CPU
		{C69F3190-07F0-48C6-A4D3-8EFF52B6EDB0}.Debug|Any CPU.Build.0 = Debug|Any CPU
		{C69F3190-07F0-48C6-A4D3-8EFF52B6EDB0}.Release|Any CPU.ActiveCfg = Release|Any CPU
		{C69F3190-07F0-48C6-A4D3-8EFF52B6EDB0}.Release|Any CPU.Build.0 = Release|Any CPU
		{FADCD9E3-16A7-4CB9-B97E-89FEC917EA8F}.Debug|Any CPU.ActiveCfg = Debug|Any CPU
		{FADCD9E3-16A7-4CB9-B97E-89FEC917EA8F}.Debug|Any CPU.Build.0 = Debug|Any CPU
		{FADCD9E3-16A7-4CB9-B97E-89FEC917EA8F}.Release|Any CPU.ActiveCfg = Release|Any CPU
		{FADCD9E3-16A7-4CB9-B97E-89FEC917EA8F}.Release|Any CPU.Build.0 = Release|Any CPU
	EndGlobalSection
	GlobalSection(NestedProjects) = preSolution
		{4334C6C5-28A4-4641-88C5-B41FD1073132} = {EC28548F-4E5B-4BAE-96C0-93C48E467786}
		{27C48206-6A3D-47FB-AA72-FF1087079941} = {4334C6C5-28A4-4641-88C5-B41FD1073132}
		{74A3CDE2-8126-43C6-8F10-B88099FA40D5} = {27C48206-6A3D-47FB-AA72-FF1087079941}
		{FBBEDD5D-B226-40A1-8DE7-E5552FA73997} = {27C48206-6A3D-47FB-AA72-FF1087079941}
		{EE251724-7B35-49AA-9386-F028064DEC6D} = {27C48206-6A3D-47FB-AA72-FF1087079941}
		{C69F3190-07F0-48C6-A4D3-8EFF52B6EDB0} = {27C48206-6A3D-47FB-AA72-FF1087079941}
		{FADCD9E3-16A7-4CB9-B97E-89FEC917EA8F} = {27C48206-6A3D-47FB-AA72-FF1087079941}
	EndGlobalSection
EndGlobal
